Microsoft Visual Studio Solution File, Format Version 12.00
# Visual Studio 15
VisualStudioVersion = 15.0.27703.2042
MinimumVisualStudioVersion = 10.0.40219.1
Project("{FAE04EC0-301F-11D3-BF4B-00C04F79EFBC}") = "RydeTunes.Android", "RydeTunes.Android\RydeTunes.Android.csproj", "{43C6678F-1232-46F9-A232-21E7B17C0E78}"
EndProject
Project("{FAE04EC0-301F-11D3-BF4B-00C04F79EFBC}") = "RydeTunes.iOS", "RydeTunes.iOS\RydeTunes.iOS.csproj", "{6CC25BBC-E17B-41C1-A07B-3DF360EE2A3C}"
EndProject
Project("{D954291E-2A0B-460D-934E-DC6B0785DB48}") = "RydeTunes", "RydeTunes\RydeTunes.shproj", "{67A25233-A219-4080-B2B2-D20540001B43}"
EndProject
Project("{FAE04EC0-301F-11D3-BF4B-00C04F79EFBC}") = "RydeTunesHost.Android", "RydeTunesHost.Android\RydeTunesHost.Android.csproj", "{B2742EB5-2C30-4C26-B109-7835920E79C0}"
EndProject
Project("{FAE04EC0-301F-11D3-BF4B-00C04F79EFBC}") = "RydeTunesHost.iOS", "RydeTunesHost.iOS\RydeTunesHost.iOS.csproj", "{F9AADE95-396D-443F-89C2-FBF474EED05E}"
EndProject
Project("{D954291E-2A0B-460D-934E-DC6B0785DB48}") = "RydeTunesHost", "RydeTunesHost\RydeTunesHost.shproj", "{7E9953FF-2BC3-4D63-B525-01481F82E4F8}"
EndProject
Global
	GlobalSection(SharedMSBuildProjectFiles) = preSolution
		RydeTunes\RydeTunes.projitems*{43c6678f-1232-46f9-a232-21e7b17c0e78}*SharedItemsImports = 4
		RydeTunes\RydeTunes.projitems*{67a25233-a219-4080-b2b2-d20540001b43}*SharedItemsImports = 13
		RydeTunes\RydeTunes.projitems*{6cc25bbc-e17b-41c1-a07b-3df360ee2a3c}*SharedItemsImports = 4
		RydeTunesHost\RydeTunesHost.projitems*{7e9953ff-2bc3-4d63-b525-01481f82e4f8}*SharedItemsImports = 13
		RydeTunesHost\RydeTunesHost.projitems*{b2742eb5-2c30-4c26-b109-7835920e79c0}*SharedItemsImports = 4
		RydeTunesHost\RydeTunesHost.projitems*{f9aade95-396d-443f-89c2-fbf474eed05e}*SharedItemsImports = 4
	EndGlobalSection
	GlobalSection(SolutionConfigurationPlatforms) = preSolution
		Ad-Hoc|Any CPU = Ad-Hoc|Any CPU
		Ad-Hoc|iPhone = Ad-Hoc|iPhone
		Ad-Hoc|iPhoneSimulator = Ad-Hoc|iPhoneSimulator
		AppStore|Any CPU = AppStore|Any CPU
		AppStore|iPhone = AppStore|iPhone
		AppStore|iPhoneSimulator = AppStore|iPhoneSimulator
		Debug|Any CPU = Debug|Any CPU
		Debug|iPhone = Debug|iPhone
		Debug|iPhoneSimulator = Debug|iPhoneSimulator
		Release|Any CPU = Release|Any CPU
		Release|iPhone = Release|iPhone
		Release|iPhoneSimulator = Release|iPhoneSimulator
	EndGlobalSection
	GlobalSection(ProjectConfigurationPlatforms) = postSolution
		{43C6678F-1232-46F9-A232-21E7B17C0E78}.Ad-Hoc|Any CPU.ActiveCfg = Release|Any CPU
		{43C6678F-1232-46F9-A232-21E7B17C0E78}.Ad-Hoc|Any CPU.Build.0 = Release|Any CPU
		{43C6678F-1232-46F9-A232-21E7B17C0E78}.Ad-Hoc|Any CPU.Deploy.0 = Release|Any CPU
		{43C6678F-1232-46F9-A232-21E7B17C0E78}.Ad-Hoc|iPhone.ActiveCfg = Debug|Any CPU
		{43C6678F-1232-46F9-A232-21E7B17C0E78}.Ad-Hoc|iPhone.Build.0 = Debug|Any CPU
		{43C6678F-1232-46F9-A232-21E7B17C0E78}.Ad-Hoc|iPhoneSimulator.ActiveCfg = Release|Any CPU
		{43C6678F-1232-46F9-A232-21E7B17C0E78}.Ad-Hoc|iPhoneSimulator.Build.0 = Release|Any CPU
		{43C6678F-1232-46F9-A232-21E7B17C0E78}.Ad-Hoc|iPhoneSimulator.Deploy.0 = Release|Any CPU
		{43C6678F-1232-46F9-A232-21E7B17C0E78}.AppStore|Any CPU.ActiveCfg = Release|Any CPU
		{43C6678F-1232-46F9-A232-21E7B17C0E78}.AppStore|Any CPU.Build.0 = Release|Any CPU
		{43C6678F-1232-46F9-A232-21E7B17C0E78}.AppStore|Any CPU.Deploy.0 = Release|Any CPU
		{43C6678F-1232-46F9-A232-21E7B17C0E78}.AppStore|iPhone.ActiveCfg = Debug|Any CPU
		{43C6678F-1232-46F9-A232-21E7B17C0E78}.AppStore|iPhone.Build.0 = Debug|Any CPU
		{43C6678F-1232-46F9-A232-21E7B17C0E78}.AppStore|iPhoneSimulator.ActiveCfg = Release|Any CPU
		{43C6678F-1232-46F9-A232-21E7B17C0E78}.AppStore|iPhoneSimulator.Build.0 = Release|Any CPU
		{43C6678F-1232-46F9-A232-21E7B17C0E78}.AppStore|iPhoneSimulator.Deploy.0 = Release|Any CPU
		{43C6678F-1232-46F9-A232-21E7B17C0E78}.Debug|Any CPU.ActiveCfg = Debug|Any CPU
		{43C6678F-1232-46F9-A232-21E7B17C0E78}.Debug|Any CPU.Build.0 = Debug|Any CPU
		{43C6678F-1232-46F9-A232-21E7B17C0E78}.Debug|iPhone.ActiveCfg = Debug|Any CPU
		{43C6678F-1232-46F9-A232-21E7B17C0E78}.Debug|iPhone.Build.0 = Debug|Any CPU
		{43C6678F-1232-46F9-A232-21E7B17C0E78}.Debug|iPhoneSimulator.ActiveCfg = Debug|Any CPU
		{43C6678F-1232-46F9-A232-21E7B17C0E78}.Debug|iPhoneSimulator.Build.0 = Debug|Any CPU
		{43C6678F-1232-46F9-A232-21E7B17C0E78}.Release|Any CPU.ActiveCfg = Release|Any CPU
		{43C6678F-1232-46F9-A232-21E7B17C0E78}.Release|Any CPU.Build.0 = Release|Any CPU
		{43C6678F-1232-46F9-A232-21E7B17C0E78}.Release|iPhone.ActiveCfg = Release|Any CPU
		{43C6678F-1232-46F9-A232-21E7B17C0E78}.Release|iPhone.Build.0 = Release|Any CPU
		{43C6678F-1232-46F9-A232-21E7B17C0E78}.Release|iPhoneSimulator.ActiveCfg = Release|Any CPU
		{43C6678F-1232-46F9-A232-21E7B17C0E78}.Release|iPhoneSimulator.Build.0 = Release|Any CPU
		{6CC25BBC-E17B-41C1-A07B-3DF360EE2A3C}.Ad-Hoc|Any CPU.ActiveCfg = Ad-Hoc|iPhoneSimulator
		{6CC25BBC-E17B-41C1-A07B-3DF360EE2A3C}.Ad-Hoc|iPhone.ActiveCfg = Ad-Hoc|iPhone
		{6CC25BBC-E17B-41C1-A07B-3DF360EE2A3C}.Ad-Hoc|iPhone.Build.0 = Ad-Hoc|iPhone
		{6CC25BBC-E17B-41C1-A07B-3DF360EE2A3C}.Ad-Hoc|iPhoneSimulator.ActiveCfg = Ad-Hoc|iPhoneSimulator
		{6CC25BBC-E17B-41C1-A07B-3DF360EE2A3C}.Ad-Hoc|iPhoneSimulator.Build.0 = Ad-Hoc|iPhoneSimulator
		{6CC25BBC-E17B-41C1-A07B-3DF360EE2A3C}.AppStore|Any CPU.ActiveCfg = AppStore|iPhoneSimulator
		{6CC25BBC-E17B-41C1-A07B-3DF360EE2A3C}.AppStore|iPhone.ActiveCfg = AppStore|iPhone
		{6CC25BBC-E17B-41C1-A07B-3DF360EE2A3C}.AppStore|iPhone.Build.0 = AppStore|iPhone
		{6CC25BBC-E17B-41C1-A07B-3DF360EE2A3C}.AppStore|iPhoneSimulator.ActiveCfg = AppStore|iPhoneSimulator
		{6CC25BBC-E17B-41C1-A07B-3DF360EE2A3C}.AppStore|iPhoneSimulator.Build.0 = AppStore|iPhoneSimulator
		{6CC25BBC-E17B-41C1-A07B-3DF360EE2A3C}.Debug|Any CPU.ActiveCfg = Debug|iPhoneSimulator
		{6CC25BBC-E17B-41C1-A07B-3DF360EE2A3C}.Debug|Any CPU.Build.0 = Debug|iPhoneSimulator
		{6CC25BBC-E17B-41C1-A07B-3DF360EE2A3C}.Debug|iPhone.ActiveCfg = Debug|iPhone
		{6CC25BBC-E17B-41C1-A07B-3DF360EE2A3C}.Debug|iPhone.Build.0 = Debug|iPhone
		{6CC25BBC-E17B-41C1-A07B-3DF360EE2A3C}.Debug|iPhoneSimulator.ActiveCfg = Debug|iPhoneSimulator
		{6CC25BBC-E17B-41C1-A07B-3DF360EE2A3C}.Debug|iPhoneSimulator.Build.0 = Debug|iPhoneSimulator
		{6CC25BBC-E17B-41C1-A07B-3DF360EE2A3C}.Release|Any CPU.ActiveCfg = Release|iPhoneSimulator
		{6CC25BBC-E17B-41C1-A07B-3DF360EE2A3C}.Release|Any CPU.Build.0 = Release|iPhoneSimulator
		{6CC25BBC-E17B-41C1-A07B-3DF360EE2A3C}.Release|iPhone.ActiveCfg = Release|iPhone
		{6CC25BBC-E17B-41C1-A07B-3DF360EE2A3C}.Release|iPhone.Build.0 = Release|iPhone
		{6CC25BBC-E17B-41C1-A07B-3DF360EE2A3C}.Release|iPhoneSimulator.ActiveCfg = Release|iPhoneSimulator
		{6CC25BBC-E17B-41C1-A07B-3DF360EE2A3C}.Release|iPhoneSimulator.Build.0 = Release|iPhoneSimulator
		{B2742EB5-2C30-4C26-B109-7835920E79C0}.Ad-Hoc|Any CPU.ActiveCfg = Release|Any CPU
		{B2742EB5-2C30-4C26-B109-7835920E79C0}.Ad-Hoc|Any CPU.Build.0 = Release|Any CPU
		{B2742EB5-2C30-4C26-B109-7835920E79C0}.Ad-Hoc|Any CPU.Deploy.0 = Release|Any CPU
		{B2742EB5-2C30-4C26-B109-7835920E79C0}.Ad-Hoc|iPhone.ActiveCfg = Debug|Any CPU
		{B2742EB5-2C30-4C26-B109-7835920E79C0}.Ad-Hoc|iPhone.Build.0 = Debug|Any CPU
		{B2742EB5-2C30-4C26-B109-7835920E79C0}.Ad-Hoc|iPhoneSimulator.ActiveCfg = Release|Any CPU
		{B2742EB5-2C30-4C26-B109-7835920E79C0}.Ad-Hoc|iPhoneSimulator.Build.0 = Release|Any CPU
		{B2742EB5-2C30-4C26-B109-7835920E79C0}.Ad-Hoc|iPhoneSimulator.Deploy.0 = Release|Any CPU
		{B2742EB5-2C30-4C26-B109-7835920E79C0}.AppStore|Any CPU.ActiveCfg = Release|Any CPU
		{B2742EB5-2C30-4C26-B109-7835920E79C0}.AppStore|Any CPU.Build.0 = Release|Any CPU
		{B2742EB5-2C30-4C26-B109-7835920E79C0}.AppStore|Any CPU.Deploy.0 = Release|Any CPU
		{B2742EB5-2C30-4C26-B109-7835920E79C0}.AppStore|iPhone.ActiveCfg = Debug|Any CPU
		{B2742EB5-2C30-4C26-B109-7835920E79C0}.AppStore|iPhone.Build.0 = Debug|Any CPU
		{B2742EB5-2C30-4C26-B109-7835920E79C0}.AppStore|iPhoneSimulator.ActiveCfg = Release|Any CPU
		{B2742EB5-2C30-4C26-B109-7835920E79C0}.AppStore|iPhoneSimulator.Build.0 = Release|Any CPU
		{B2742EB5-2C30-4C26-B109-7835920E79C0}.AppStore|iPhoneSimulator.Deploy.0 = Release|Any CPU
		{B2742EB5-2C30-4C26-B109-7835920E79C0}.Debug|Any CPU.ActiveCfg = Debug|Any CPU
		{B2742EB5-2C30-4C26-B109-7835920E79C0}.Debug|Any CPU.Build.0 = Debug|Any CPU
		{B2742EB5-2C30-4C26-B109-7835920E79C0}.Debug|iPhone.ActiveCfg = Debug|Any CPU
		{B2742EB5-2C30-4C26-B109-7835920E79C0}.Debug|iPhone.Build.0 = Debug|Any CPU
		{B2742EB5-2C30-4C26-B109-7835920E79C0}.Debug|iPhoneSimulator.ActiveCfg = Debug|Any CPU
		{B2742EB5-2C30-4C26-B109-7835920E79C0}.Debug|iPhoneSimulator.Build.0 = Debug|Any CPU
		{B2742EB5-2C30-4C26-B109-7835920E79C0}.Release|Any CPU.ActiveCfg = Release|Any CPU
		{B2742EB5-2C30-4C26-B109-7835920E79C0}.Release|Any CPU.Build.0 = Release|Any CPU
		{B2742EB5-2C30-4C26-B109-7835920E79C0}.Release|iPhone.ActiveCfg = Release|Any CPU
		{B2742EB5-2C30-4C26-B109-7835920E79C0}.Release|iPhone.Build.0 = Release|Any CPU
		{B2742EB5-2C30-4C26-B109-7835920E79C0}.Release|iPhoneSimulator.ActiveCfg = Release|Any CPU
		{B2742EB5-2C30-4C26-B109-7835920E79C0}.Release|iPhoneSimulator.Build.0 = Release|Any CPU
		{F9AADE95-396D-443F-89C2-FBF474EED05E}.Ad-Hoc|Any CPU.ActiveCfg = Ad-Hoc|iPhoneSimulator
		{F9AADE95-396D-443F-89C2-FBF474EED05E}.Ad-Hoc|iPhone.ActiveCfg = Ad-Hoc|iPhone
		{F9AADE95-396D-443F-89C2-FBF474EED05E}.Ad-Hoc|iPhone.Build.0 = Ad-Hoc|iPhone
		{F9AADE95-396D-443F-89C2-FBF474EED05E}.Ad-Hoc|iPhoneSimulator.ActiveCfg = Ad-Hoc|iPhoneSimulator
		{F9AADE95-396D-443F-89C2-FBF474EED05E}.Ad-Hoc|iPhoneSimulator.Build.0 = Ad-Hoc|iPhoneSimulator
		{F9AADE95-396D-443F-89C2-FBF474EED05E}.AppStore|Any CPU.ActiveCfg = AppStore|iPhoneSimulator
		{F9AADE95-396D-443F-89C2-FBF474EED05E}.AppStore|iPhone.ActiveCfg = AppStore|iPhone
		{F9AADE95-396D-443F-89C2-FBF474EED05E}.AppStore|iPhone.Build.0 = AppStore|iPhone
		{F9AADE95-396D-443F-89C2-FBF474EED05E}.AppStore|iPhoneSimulator.ActiveCfg = AppStore|iPhoneSimulator
		{F9AADE95-396D-443F-89C2-FBF474EED05E}.AppStore|iPhoneSimulator.Build.0 = AppStore|iPhoneSimulator
		{F9AADE95-396D-443F-89C2-FBF474EED05E}.Debug|Any CPU.ActiveCfg = Debug|iPhoneSimulator
		{F9AADE95-396D-443F-89C2-FBF474EED05E}.Debug|Any CPU.Build.0 = Debug|iPhoneSimulator
		{F9AADE95-396D-443F-89C2-FBF474EED05E}.Debug|iPhone.ActiveCfg = Debug|iPhone
		{F9AADE95-396D-443F-89C2-FBF474EED05E}.Debug|iPhone.Build.0 = Debug|iPhone
		{F9AADE95-396D-443F-89C2-FBF474EED05E}.Debug|iPhoneSimulator.ActiveCfg = Debug|iPhoneSimulator
		{F9AADE95-396D-443F-89C2-FBF474EED05E}.Debug|iPhoneSimulator.Build.0 = Debug|iPhoneSimulator
		{F9AADE95-396D-443F-89C2-FBF474EED05E}.Release|Any CPU.ActiveCfg = Release|iPhoneSimulator
		{F9AADE95-396D-443F-89C2-FBF474EED05E}.Release|Any CPU.Build.0 = Release|iPhoneSimulator
		{F9AADE95-396D-443F-89C2-FBF474EED05E}.Release|iPhone.ActiveCfg = Release|iPhone
		{F9AADE95-396D-443F-89C2-FBF474EED05E}.Release|iPhone.Build.0 = Release|iPhone
		{F9AADE95-396D-443F-89C2-FBF474EED05E}.Release|iPhoneSimulator.ActiveCfg = Release|iPhoneSimulator
		{F9AADE95-396D-443F-89C2-FBF474EED05E}.Release|iPhoneSimulator.Build.0 = Release|iPhoneSimulator
	EndGlobalSection
	GlobalSection(SolutionProperties) = preSolution
		HideSolutionNode = FALSE
	EndGlobalSection
	GlobalSection(ExtensibilityGlobals) = postSolution
		SolutionGuid = {17DD6206-6A07-4CEE-B75F-4CCD0CBEE8A6}
	EndGlobalSection
EndGlobal
